<?xml version="1.0" encoding="UTF-8" standalone="yes" ?>
<CodeBlocks_project_file>
	<FileVersion major="1" minor="6" />
	<Project>
		<Option title="2D_Euler" />
		<Option pch_mode="2" />
		<Option compiler="gcc" />
		<Build>
			<Target title="Debug">
				<Option output="bin/Debug/2D_Euler" prefix_auto="1" extension_auto="1" />
				<Option object_output="obj/Debug/" />
				<Option type="1" />
				<Option compiler="gcc" />
				<Compiler>
					<Add option="-g" />
					<Add directory="include" />
				</Compiler>
			</Target>
			<Target title="Release">
				<Option output="bin/Release/2D_Euler" prefix_auto="1" extension_auto="1" />
				<Option object_output="obj/Release/" />
				<Option type="1" />
				<Option compiler="gcc" />
				<Compiler>
					<Add option="-O2" />
					<Add directory="include" />
				</Compiler>
				<Linker>
					<Add option="-s" />
				</Linker>
			</Target>
		</Build>
		<Compiler>
			<Add option="-Wall" />
			<Add option="-fexceptions" />
		</Compiler>
		<Unit filename="bod.h">
			<Option target="&lt;{~None~}&gt;" />
		</Unit>
		<Unit filename="ctyruhelnik.h">
			<Option target="&lt;{~None~}&gt;" />
		</Unit>
		<Unit filename="data.h">
			<Option target="&lt;{~None~}&gt;" />
		</Unit>
		<Unit filename="flx.h">
			<Option target="&lt;{~None~}&gt;" />
		</Unit>
		<Unit filename="flx_op.h">
			<Option target="&lt;{~None~}&gt;" />
		</Unit>
		<Unit filename="generatorSite.h">
			<Option target="&lt;{~None~}&gt;" />
		</Unit>
		<Unit filename="include/sit.h" />
		<Unit filename="main.cpp" />
		<Unit filename="naplnSit.h">
			<Option target="&lt;{~None~}&gt;" />
		</Unit>
		<Unit filename="src/sit.cpp" />
		<Unit filename="usecka.h">
			<Option target="&lt;{~None~}&gt;" />
		</Unit>
		<Unit filename="vektor2D.h">
			<Option target="&lt;{~None~}&gt;" />
		</Unit>
		<Extensions />
	</Project>
</CodeBlocks_project_file>
